// !$*UTF8*$!
{
	archiveVersion = 1;
	classes = {
	};
	objectVersion = 77;
	objects = {

/* Begin PBXBuildFile section */
		0330230E689324C094AB9E86 /* InputSourceManager.swift in Sources */ = {isa = PBXBuildFile; fileRef = 8B9359F83347BA745BA65C03 /* InputSourceManager.swift */; };
		0E9D3BE4C9C689F4A975E9F0 /* Carbon.framework in Frameworks */ = {isa = PBXBuildFile; fileRef = 3A9A6EC46BD8D0BB54CE7C47 /* Carbon.framework */; };
		191D8E5ADCC99C190E41B3C8 /* LoginItemManager.swift in Sources */ = {isa = PBXBuildFile; fileRef = AF71BC35163981651A9EC260 /* LoginItemManager.swift */; };
		42717F013C7FE1287A6ABD52 /* AppDelegate.swift in Sources */ = {isa = PBXBuildFile; fileRef = 14D6207A4F8EE53D434F8E0B /* AppDelegate.swift */; };
		5AD5E45738971834C91901F5 /* LockService.swift in Sources */ = {isa = PBXBuildFile; fileRef = A5716841369D4A8F3AC7E68E /* LockService.swift */; };
		8ACA2477FFE5E53F6F269891 /* main.swift in Sources */ = {isa = PBXBuildFile; fileRef = CD39E1638B8EC16BBA519D66 /* main.swift */; };
		A306548525481B81C185E18C /* MenuBarView.swift in Sources */ = {isa = PBXBuildFile; fileRef = E82CE99A1F001AE89FBEDEE6 /* MenuBarView.swift */; };
		F6F5C6AB86873EFD9735469E /* ServiceManagement.framework in Frameworks */ = {isa = PBXBuildFile; fileRef = ED9CDEE8BF8B659DB9DF5D59 /* ServiceManagement.framework */; };
/* End PBXBuildFile section */

/* Begin PBXFileReference section */
		14D6207A4F8EE53D434F8E0B /* AppDelegate.swift */ = {isa = PBXFileReference; lastKnownFileType = sourcecode.swift; path = AppDelegate.swift; sourceTree = "<group>"; };
		182E65E9301AA4CF42EC1A7F /* InputLock.app */ = {isa = PBXFileReference; explicitFileType = wrapper.application; includeInIndex = 0; path = InputLock.app; sourceTree = BUILT_PRODUCTS_DIR; };
		3A9A6EC46BD8D0BB54CE7C47 /* Carbon.framework */ = {isa = PBXFileReference; lastKnownFileType = wrapper.framework; name = Carbon.framework; path = System/Library/Frameworks/Carbon.framework; sourceTree = SDKROOT; };
		8B9359F83347BA745BA65C03 /* InputSourceManager.swift */ = {isa = PBXFileReference; lastKnownFileType = sourcecode.swift; path = InputSourceManager.swift; sourceTree = "<group>"; };
		A5716841369D4A8F3AC7E68E /* LockService.swift */ = {isa = PBXFileReference; lastKnownFileType = sourcecode.swift; path = LockService.swift; sourceTree = "<group>"; };
		AF71BC35163981651A9EC260 /* LoginItemManager.swift */ = {isa = PBXFileReference; lastKnownFileType = sourcecode.swift; path = LoginItemManager.swift; sourceTree = "<group>"; };
		CD39E1638B8EC16BBA519D66 /* main.swift */ = {isa = PBXFileReference; lastKnownFileType = sourcecode.swift; path = main.swift; sourceTree = "<group>"; };
		E82CE99A1F001AE89FBEDEE6 /* MenuBarView.swift */ = {isa = PBXFileReference; lastKnownFileType = sourcecode.swift; path = MenuBarView.swift; sourceTree = "<group>"; };
		ED9CDEE8BF8B659DB9DF5D59 /* ServiceManagement.framework */ = {isa = PBXFileReference; lastKnownFileType = wrapper.framework; name = ServiceManagement.framework; path = System/Library/Frameworks/ServiceManagement.framework; sourceTree = SDKROOT; };
/* End PBXFileReference section */

/* Begin PBXFrameworksBuildPhase section */
		48A06B80C8794273515CE57A /* Frameworks */ = {
			isa = PBXFrameworksBuildPhase;
			buildActionMask = 2147483647;
			files = (
				0E9D3BE4C9C689F4A975E9F0 /* Carbon.framework in Frameworks */,
				F6F5C6AB86873EFD9735469E /* ServiceManagement.framework in Frameworks */,
			);
			runOnlyForDeploymentPostprocessing = 0;
		};
/* End PBXFrameworksBuildPhase section */

/* Begin PBXGroup section */
		1D1CFFF948904D90928B7876 /* Frameworks */ = {
			isa = PBXGroup;
			children = (
				3A9A6EC46BD8D0BB54CE7C47 /* Carbon.framework */,
				ED9CDEE8BF8B659DB9DF5D59 /* ServiceManagement.framework */,
			);
			name = Frameworks;
			sourceTree = "<group>";
		};
		32828E00C84F46D36D6844C5 /* InputLock */ = {
			isa = PBXGroup;
			children = (
				14D6207A4F8EE53D434F8E0B /* AppDelegate.swift */,
				8B9359F83347BA745BA65C03 /* InputSourceManager.swift */,
				A5716841369D4A8F3AC7E68E /* LockService.swift */,
				AF71BC35163981651A9EC260 /* LoginItemManager.swift */,
				CD39E1638B8EC16BBA519D66 /* main.swift */,
				E82CE99A1F001AE89FBEDEE6 /* MenuBarView.swift */,
			);
			path = InputLock;
			sourceTree = "<group>";
		};
		C6F8F59CC59EFD876B7BB000 = {
			isa = PBXGroup;
			children = (
				FAFC14E8AE5E42284072D1D5 /* Sources */,
				1D1CFFF948904D90928B7876 /* Frameworks */,
				EBD5B0EE254883117B6053E3 /* Products */,
			);
			sourceTree = "<group>";
		};
		EBD5B0EE254883117B6053E3 /* Products */ = {
			isa = PBXGroup;
			children = (
				182E65E9301AA4CF42EC1A7F /* InputLock.app */,
			);
			name = Products;
			sourceTree = "<group>";
		};
		FAFC14E8AE5E42284072D1D5 /* Sources */ = {
			isa = PBXGroup;
			children = (
				32828E00C84F46D36D6844C5 /* InputLock */,
			);
			path = Sources;
			sourceTree = "<group>";
		};
/* End PBXGroup section */

/* Begin PBXNativeTarget section */
		DDB1B71733F5363586583D0F /* InputLock */ = {
			isa = PBXNativeTarget;
			buildConfigurationList = 62581FC07DCB80E4BB3B72AB /* Build configuration list for PBXNativeTarget "InputLock" */;
			buildPhases = (
				A033324F82E119824F15F39C /* Sources */,
				48A06B80C8794273515CE57A /* Frameworks */,
			);
			buildRules = (
			);
			dependencies = (
			);
			name = InputLock;
			packageProductDependencies = (
			);
			productName = InputLock;
			productReference = 182E65E9301AA4CF42EC1A7F /* InputLock.app */;
			productType = "com.apple.product-type.application";
		};
/* End PBXNativeTarget section */

/* Begin PBXProject section */
		8CEE7F90987CA9FD6171D65B /* Project object */ = {
			isa = PBXProject;
			attributes = {
				BuildIndependentTargetsInParallel = YES;
				LastUpgradeCheck = 1430;
				TargetAttributes = {
					DDB1B71733F5363586583D0F = {
						DevelopmentTeam = "";
						ProvisioningStyle = Manual;
					};
				};
			};
			buildConfigurationList = 1E7595B96C45F98F2D524744 /* Build configuration list for PBXProject "InputLock" */;
			compatibilityVersion = "Xcode 14.0";
			developmentRegion = en;
			hasScannedForEncodings = 0;
			knownRegions = (
				Base,
				en,
			);
			mainGroup = C6F8F59CC59EFD876B7BB000;
			minimizedProjectReferenceProxies = 1;
			preferredProjectObjectVersion = 77;
			projectDirPath = "";
			projectRoot = "";
			targets = (
				DDB1B71733F5363586583D0F /* InputLock */,
			);
		};
/* End PBXProject section */

/* Begin PBXSourcesBuildPhase section */
		A033324F82E119824F15F39C /* Sources */ = {
			isa = PBXSourcesBuildPhase;
			buildActionMask = 2147483647;
			files = (
				42717F013C7FE1287A6ABD52 /* AppDelegate.swift in Sources */,
				0330230E689324C094AB9E86 /* InputSourceManager.swift in Sources */,
				5AD5E45738971834C91901F5 /* LockService.swift in Sources */,
				191D8E5ADCC99C190E41B3C8 /* LoginItemManager.swift in Sources */,
				A306548525481B81C185E18C /* MenuBarView.swift in Sources */,
				8ACA2477FFE5E53F6F269891 /* main.swift in Sources */,
			);
			runOnlyForDeploymentPostprocessing = 0;
		};
/* End PBXSourcesBuildPhase section */

/* Begin XCBuildConfiguration section */
		42286B19F4BABB762A73E313 /* Release */ = {
			isa = XCBuildConfiguration;
			buildSettings = {
				ALWAYS_SEARCH_USER_PATHS = NO;
				CLANG_ANALYZER_NONNULL = YES;
				CLANG_ANALYZER_NUMBER_OBJECT_CONVERSION = YES_AGGRESSIVE;
				CLANG_CXX_LANGUAGE_STANDARD = "gnu++14";
				CLANG_CXX_LIBRARY = "libc++";
				CLANG_ENABLE_MODULES = YES;
				CLANG_ENABLE_OBJC_ARC = YES;
				CLANG_ENABLE_OBJC_WEAK = YES;
				CLANG_WARN_BLOCK_CAPTURE_AUTORELEASING = YES;
				CLANG_WARN_BOOL_CONVERSION = YES;
				CLANG_WARN_COMMA = YES;
				CLANG_WARN_CONSTANT_CONVERSION = YES;
				CLANG_WARN_DEPRECATED_OBJC_IMPLEMENTATIONS = YES;
				CLANG_WARN_DIRECT_OBJC_ISA_USAGE = YES_ERROR;
				CLANG_WARN_DOCUMENTATION_COMMENTS = YES;
				CLANG_WARN_EMPTY_BODY = YES;
				CLANG_WARN_ENUM_CONVERSION = YES;
				CLANG_WARN_INFINITE_RECURSION = YES;
				CLANG_WARN_INT_CONVERSION = YES;
				CLANG_WARN_NON_LITERAL_NULL_CONVERSION = YES;
				CLANG_WARN_OBJC_IMPLICIT_RETAIN_SELF = YES;
				CLANG_WARN_OBJC_LITERAL_CONVERSION = YES;
				CLANG_WARN_OBJC_ROOT_CLASS = YES_ERROR;
				CLANG_WARN_QUOTED_INCLUDE_IN_FRAMEWORK_HEADER = YES;
				CLANG_WARN_RANGE_LOOP_ANALYSIS = YES;
				CLANG_WARN_STRICT_PROTOTYPES = YES;
				CLANG_WARN_SUSPICIOUS_MOVE = YES;
				CLANG_WARN_UNGUARDED_AVAILABILITY = YES_AGGRESSIVE;
				CLANG_WARN_UNREACHABLE_CODE = YES;
				CLANG_WARN__DUPLICATE_METHOD_MATCH = YES;
				CODE_SIGN_IDENTITY = "-";
				CODE_SIGN_STYLE = Manual;
				COPY_PHASE_STRIP = NO;
				CURRENT_PROJECT_VERSION = 1;
				DEBUG_INFORMATION_FORMAT = "dwarf-with-dsym";
				DEVELOPMENT_TEAM = "";
				ENABLE_APP_SANDBOX = NO;
				ENABLE_NS_ASSERTIONS = NO;
				ENABLE_STRICT_OBJC_MSGSEND = YES;
				GCC_C_LANGUAGE_STANDARD = gnu11;
				GCC_NO_COMMON_BLOCKS = YES;
				GCC_WARN_64_TO_32_BIT_CONVERSION = YES;
				GCC_WARN_ABOUT_RETURN_TYPE = YES_ERROR;
				GCC_WARN_UNDECLARED_SELECTOR = YES;
				GCC_WARN_UNINITIALIZED_AUTOS = YES_AGGRESSIVE;
				GCC_WARN_UNUSED_FUNCTION = YES;
				GCC_WARN_UNUSED_VARIABLE = YES;
				MACOSX_DEPLOYMENT_TARGET = 13.0;
				MARKETING_VERSION = 1.0.0;
				MTL_ENABLE_DEBUG_INFO = NO;
				MTL_FAST_MATH = YES;
				PRODUCT_BUNDLE_IDENTIFIER = com.local.inputlock;
				PRODUCT_NAME = "$(TARGET_NAME)";
				SDKROOT = macosx;
				SWIFT_COMPILATION_MODE = wholemodule;
				SWIFT_OPTIMIZATION_LEVEL = "-O";
				SWIFT_VERSION = 6.0;
			};
			name = Release;
		};
		4D5D4F91B36B2BBBD0A5E41F /* Debug */ = {
			isa = XCBuildConfiguration;
			buildSettings = {
				ALWAYS_SEARCH_USER_PATHS = NO;
				CLANG_ANALYZER_NONNULL = YES;
				CLANG_ANALYZER_NUMBER_OBJECT_CONVERSION = YES_AGGRESSIVE;
				CLANG_CXX_LANGUAGE_STANDARD = "gnu++14";
				CLANG_CXX_LIBRARY = "libc++";
				CLANG_ENABLE_MODULES = YES;
				CLANG_ENABLE_OBJC_ARC = YES;
				CLANG_ENABLE_OBJC_WEAK = YES;
				CLANG_WARN_BLOCK_CAPTURE_AUTORELEASING = YES;
				CLANG_WARN_BOOL_CONVERSION = YES;
				CLANG_WARN_COMMA = YES;
				CLANG_WARN_CONSTANT_CONVERSION = YES;
				CLANG_WARN_DEPRECATED_OBJC_IMPLEMENTATIONS = YES;
				CLANG_WARN_DIRECT_OBJC_ISA_USAGE = YES_ERROR;
				CLANG_WARN_DOCUMENTATION_COMMENTS = YES;
				CLANG_WARN_EMPTY_BODY = YES;
				CLANG_WARN_ENUM_CONVERSION = YES;
				CLANG_WARN_INFINITE_RECURSION = YES;
				CLANG_WARN_INT_CONVERSION = YES;
				CLANG_WARN_NON_LITERAL_NULL_CONVERSION = YES;
				CLANG_WARN_OBJC_IMPLICIT_RETAIN_SELF = YES;
				CLANG_WARN_OBJC_LITERAL_CONVERSION = YES;
				CLANG_WARN_OBJC_ROOT_CLASS = YES_ERROR;
				CLANG_WARN_QUOTED_INCLUDE_IN_FRAMEWORK_HEADER = YES;
				CLANG_WARN_RANGE_LOOP_ANALYSIS = YES;
				CLANG_WARN_STRICT_PROTOTYPES = YES;
				CLANG_WARN_SUSPICIOUS_MOVE = YES;
				CLANG_WARN_UNGUARDED_AVAILABILITY = YES_AGGRESSIVE;
				CLANG_WARN_UNREACHABLE_CODE = YES;
				CLANG_WARN__DUPLICATE_METHOD_MATCH = YES;
				CODE_SIGN_IDENTITY = "-";
				CODE_SIGN_STYLE = Manual;
				COPY_PHASE_STRIP = NO;
				CURRENT_PROJECT_VERSION = 1;
				DEBUG_INFORMATION_FORMAT = dwarf;
				DEVELOPMENT_TEAM = "";
				ENABLE_APP_SANDBOX = NO;
				ENABLE_STRICT_OBJC_MSGSEND = YES;
				ENABLE_TESTABILITY = YES;
				GCC_C_LANGUAGE_STANDARD = gnu11;
				GCC_DYNAMIC_NO_PIC = NO;
				GCC_NO_COMMON_BLOCKS = YES;
				GCC_OPTIMIZATION_LEVEL = 0;
				GCC_PREPROCESSOR_DEFINITIONS = (
					"$(inherited)",
					"DEBUG=1",
				);
				GCC_WARN_64_TO_32_BIT_CONVERSION = YES;
				GCC_WARN_ABOUT_RETURN_TYPE = YES_ERROR;
				GCC_WARN_UNDECLARED_SELECTOR = YES;
				GCC_WARN_UNINITIALIZED_AUTOS = YES_AGGRESSIVE;
				GCC_WARN_UNUSED_FUNCTION = YES;
				GCC_WARN_UNUSED_VARIABLE = YES;
				MACOSX_DEPLOYMENT_TARGET = 13.0;
				MARKETING_VERSION = 1.0.0;
				MTL_ENABLE_DEBUG_INFO = INCLUDE_SOURCE;
				MTL_FAST_MATH = YES;
				ONLY_ACTIVE_ARCH = YES;
				PRODUCT_BUNDLE_IDENTIFIER = com.local.inputlock;
				PRODUCT_NAME = "$(TARGET_NAME)";
				SDKROOT = macosx;
				SWIFT_ACTIVE_COMPILATION_CONDITIONS = DEBUG;
				SWIFT_OPTIMIZATION_LEVEL = "-Onone";
				SWIFT_VERSION = 6.0;
			};
			name = Debug;
		};
		5A78BA54D62EDDC18780282D /* Release */ = {
			isa = XCBuildConfiguration;
			buildSettings = {
				ASSETCATALOG_COMPILER_APPICON_NAME = AppIcon;
				CODE_SIGN_ENTITLEMENTS = Resources/InputLock.entitlements;
				COMBINE_HIDPI_IMAGES = YES;
				INFOPLIST_FILE = Resources/Info.plist;
				LD_RUNPATH_SEARCH_PATHS = (
					"$(inherited)",
					"@executable_path/../Frameworks",
				);
				SDKROOT = macosx;
			};
			name = Release;
		};
		B7BD75EC7F32526F2E5D2EB3 /* Debug */ = {
			isa = XCBuildConfiguration;
			buildSettings = {
				ASSETCATALOG_COMPILER_APPICON_NAME = AppIcon;
				CODE_SIGN_ENTITLEMENTS = Resources/InputLock.entitlements;
				COMBINE_HIDPI_IMAGES = YES;
				INFOPLIST_FILE = Resources/Info.plist;
				LD_RUNPATH_SEARCH_PATHS = (
					"$(inherited)",
					"@executable_path/../Frameworks",
				);
				SDKROOT = macosx;
			};
			name = Debug;
		};
/* End XCBuildConfiguration section */

/* Begin XCConfigurationList section */
		1E7595B96C45F98F2D524744 /* Build configuration list for PBXProject "InputLock" */ = {
			isa = XCConfigurationList;
			buildConfigurations = (
				4D5D4F91B36B2BBBD0A5E41F /* Debug */,
				42286B19F4BABB762A73E313 /* Release */,
			);
			defaultConfigurationIsVisible = 0;
			defaultConfigurationName = Debug;
		};
		62581FC07DCB80E4BB3B72AB /* Build configuration list for PBXNativeTarget "InputLock" */ = {
			isa = XCConfigurationList;
			buildConfigurations = (
				B7BD75EC7F32526F2E5D2EB3 /* Debug */,
				5A78BA54D62EDDC18780282D /* Release */,
			);
			defaultConfigurationIsVisible = 0;
			defaultConfigurationName = Debug;
		};
/* End XCConfigurationList section */
	};
	rootObject = 8CEE7F90987CA9FD6171D65B /* Project object */;
}
